
Microsoft Visual Studio Solution File, Format Version 12.00
# Visual Studio Version 16
VisualStudioVersion = 16.0.30323.103
MinimumVisualStudioVersion = 10.0.40219.1
Project("{9A19103F-16F7-4668-BE54-9A1E7A4F7556}") = "Oceanside.WinUI.Sample.App", "samples\Oceanside.WinUI.Sample.App\Oceanside.WinUI.Sample.App.csproj", "{45D420EB-7A65-46C1-AAED-28117A4BA240}"
EndProject
Project("{2150E333-8FDC-42A3-9474-1A3956D46DE8}") = "samples", "samples", "{67CC993F-18D1-490D-98A9-41EFD424E014}"
EndProject
Project("{2150E333-8FDC-42A3-9474-1A3956D46DE8}") = "src", "src", "{84DA2DE8-47A4-4719-A533-ED615CC569DC}"
	ProjectSection(SolutionItems) = preProject
		src\README.md = src\README.md
	EndProjectSection
EndProject
Project("{9A19103F-16F7-4668-BE54-9A1E7A4F7556}") = "Oceanside.Win32.Native", "src\Oceanside.Win32.Native\Oceanside.Win32.Native.csproj", "{9F9FEFA8-7FF4-4DE6-BAAB-A5D0BD60F567}"
EndProject
Project("{9A19103F-16F7-4668-BE54-9A1E7A4F7556}") = "Oceanside.WinUI.Base", "src\Oceanside.WinUI.Base\Oceanside.WinUI.Base.csproj", "{ADC24F07-206D-45A1-A57A-0F55C8984746}"
EndProject
Project("{9A19103F-16F7-4668-BE54-9A1E7A4F7556}") = "Oceanside.WinUI.Base.Vm", "src\Oceanside.WinUI.Base.Vm\Oceanside.WinUI.Base.Vm.csproj", "{CB2CC555-F59F-430A-82D0-5138986669A8}"
EndProject
Project("{C7167F0D-BC9F-4E6E-AFE1-012C56B48DB5}") = "Oceanside.WinUI.Sample.App.Package", "samples\Oceanside.WinUI.Sample.App.Package\Oceanside.WinUI.Sample.App.Package.wapproj", "{D8AC3DAF-1AD5-4A97-9323-68113BFB8C01}"
EndProject
Project("{2150E333-8FDC-42A3-9474-1A3956D46DE8}") = "etc", "etc", "{D4CD2F04-2E8E-4898-AEFA-6FB6E721ED42}"
	ProjectSection(SolutionItems) = preProject
		.editorconfig = .editorconfig
		.gitignore = .gitignore
		Directory.Build.props = Directory.Build.props
		Directory.Build.targets = Directory.Build.targets
		global.json = global.json
		LICENSE = LICENSE
		MIT.licenseheader = MIT.licenseheader
		NuGet.Config = NuGet.Config
		README.md = README.md
	EndProjectSection
EndProject
Global
	GlobalSection(SolutionConfigurationPlatforms) = preSolution
		Debug|x64 = Debug|x64
		Debug|x86 = Debug|x86
		Release|x64 = Release|x64
		Release|x86 = Release|x86
	EndGlobalSection
	GlobalSection(ProjectConfigurationPlatforms) = postSolution
		{45D420EB-7A65-46C1-AAED-28117A4BA240}.Debug|x64.ActiveCfg = Debug|x64
		{45D420EB-7A65-46C1-AAED-28117A4BA240}.Debug|x64.Build.0 = Debug|x64
		{45D420EB-7A65-46C1-AAED-28117A4BA240}.Debug|x86.ActiveCfg = Debug|x86
		{45D420EB-7A65-46C1-AAED-28117A4BA240}.Debug|x86.Build.0 = Debug|x86
		{45D420EB-7A65-46C1-AAED-28117A4BA240}.Release|x64.ActiveCfg = Release|x64
		{45D420EB-7A65-46C1-AAED-28117A4BA240}.Release|x64.Build.0 = Release|x64
		{45D420EB-7A65-46C1-AAED-28117A4BA240}.Release|x86.ActiveCfg = Release|x86
		{45D420EB-7A65-46C1-AAED-28117A4BA240}.Release|x86.Build.0 = Release|x86
		{9F9FEFA8-7FF4-4DE6-BAAB-A5D0BD60F567}.Debug|x64.ActiveCfg = Debug|x64
		{9F9FEFA8-7FF4-4DE6-BAAB-A5D0BD60F567}.Debug|x64.Build.0 = Debug|x64
		{9F9FEFA8-7FF4-4DE6-BAAB-A5D0BD60F567}.Debug|x86.ActiveCfg = Debug|x86
		{9F9FEFA8-7FF4-4DE6-BAAB-A5D0BD60F567}.Debug|x86.Build.0 = Debug|x86
		{9F9FEFA8-7FF4-4DE6-BAAB-A5D0BD60F567}.Release|x64.ActiveCfg = Release|x64
		{9F9FEFA8-7FF4-4DE6-BAAB-A5D0BD60F567}.Release|x64.Build.0 = Release|x64
		{9F9FEFA8-7FF4-4DE6-BAAB-A5D0BD60F567}.Release|x86.ActiveCfg = Release|x86
		{9F9FEFA8-7FF4-4DE6-BAAB-A5D0BD60F567}.Release|x86.Build.0 = Release|x86
		{ADC24F07-206D-45A1-A57A-0F55C8984746}.Debug|x64.ActiveCfg = Debug|x64
		{ADC24F07-206D-45A1-A57A-0F55C8984746}.Debug|x64.Build.0 = Debug|x64
		{ADC24F07-206D-45A1-A57A-0F55C8984746}.Debug|x86.ActiveCfg = Debug|x86
		{ADC24F07-206D-45A1-A57A-0F55C8984746}.Debug|x86.Build.0 = Debug|x86
		{ADC24F07-206D-45A1-A57A-0F55C8984746}.Release|x64.ActiveCfg = Release|x64
		{ADC24F07-206D-45A1-A57A-0F55C8984746}.Release|x64.Build.0 = Release|x64
		{ADC24F07-206D-45A1-A57A-0F55C8984746}.Release|x86.ActiveCfg = Release|x86
		{ADC24F07-206D-45A1-A57A-0F55C8984746}.Release|x86.Build.0 = Release|x86
		{CB2CC555-F59F-430A-82D0-5138986669A8}.Debug|x64.ActiveCfg = Debug|x64
		{CB2CC555-F59F-430A-82D0-5138986669A8}.Debug|x64.Build.0 = Debug|x64
		{CB2CC555-F59F-430A-82D0-5138986669A8}.Debug|x86.ActiveCfg = Debug|x86
		{CB2CC555-F59F-430A-82D0-5138986669A8}.Debug|x86.Build.0 = Debug|x86
		{CB2CC555-F59F-430A-82D0-5138986669A8}.Release|x64.ActiveCfg = Release|x64
		{CB2CC555-F59F-430A-82D0-5138986669A8}.Release|x64.Build.0 = Release|x64
		{CB2CC555-F59F-430A-82D0-5138986669A8}.Release|x86.ActiveCfg = Release|x86
		{CB2CC555-F59F-430A-82D0-5138986669A8}.Release|x86.Build.0 = Release|x86
		{D8AC3DAF-1AD5-4A97-9323-68113BFB8C01}.Debug|x64.ActiveCfg = Debug|x64
		{D8AC3DAF-1AD5-4A97-9323-68113BFB8C01}.Debug|x64.Build.0 = Debug|x64
		{D8AC3DAF-1AD5-4A97-9323-68113BFB8C01}.Debug|x64.Deploy.0 = Debug|x64
		{D8AC3DAF-1AD5-4A97-9323-68113BFB8C01}.Debug|x86.ActiveCfg = Debug|x86
		{D8AC3DAF-1AD5-4A97-9323-68113BFB8C01}.Debug|x86.Build.0 = Debug|x86
		{D8AC3DAF-1AD5-4A97-9323-68113BFB8C01}.Debug|x86.Deploy.0 = Debug|x86
		{D8AC3DAF-1AD5-4A97-9323-68113BFB8C01}.Release|x64.ActiveCfg = Release|x64
		{D8AC3DAF-1AD5-4A97-9323-68113BFB8C01}.Release|x64.Build.0 = Release|x64
		{D8AC3DAF-1AD5-4A97-9323-68113BFB8C01}.Release|x64.Deploy.0 = Release|x64
		{D8AC3DAF-1AD5-4A97-9323-68113BFB8C01}.Release|x86.ActiveCfg = Release|x86
		{D8AC3DAF-1AD5-4A97-9323-68113BFB8C01}.Release|x86.Build.0 = Release|x86
		{D8AC3DAF-1AD5-4A97-9323-68113BFB8C01}.Release|x86.Deploy.0 = Release|x86
	EndGlobalSection
	GlobalSection(SolutionProperties) = preSolution
		HideSolutionNode = FALSE
	EndGlobalSection
	GlobalSection(NestedProjects) = preSolution
		{45D420EB-7A65-46C1-AAED-28117A4BA240} = {67CC993F-18D1-490D-98A9-41EFD424E014}
		{9F9FEFA8-7FF4-4DE6-BAAB-A5D0BD60F567} = {84DA2DE8-47A4-4719-A533-ED615CC569DC}
		{ADC24F07-206D-45A1-A57A-0F55C8984746} = {84DA2DE8-47A4-4719-A533-ED615CC569DC}
		{CB2CC555-F59F-430A-82D0-5138986669A8} = {84DA2DE8-47A4-4719-A533-ED615CC569DC}
		{D8AC3DAF-1AD5-4A97-9323-68113BFB8C01} = {67CC993F-18D1-490D-98A9-41EFD424E014}
	EndGlobalSection
	GlobalSection(ExtensibilityGlobals) = postSolution
		SolutionGuid = {FFD536B5-3629-45B1-AA9B-93193EF63DB7}
	EndGlobalSection
EndGlobal
